
Microsoft Visual Studio Solution File, Format Version 12.00
# Visual Studio Version 16
VisualStudioVersion = 16.0.29911.84
MinimumVisualStudioVersion = 10.0.40219.1
Project("{FAE04EC0-301F-11D3-BF4B-00C04F79EFBC}") = "mineSweeper", "mineSweeper\mineSweeper.csproj", "{FCC52357-F741-42B2-8846-0B9EC3DC091B}"
EndProject
Global
	GlobalSection(SolutionConfigurationPlatforms) = preSolution
		Debug|Any CPU = Debug|Any CPU
		Release|Any CPU = Release|Any CPU
	EndGlobalSection
	GlobalSection(ProjectConfigurationPlatforms) = postSolution
		{FCC52357-F741-42B2-8846-0B9EC3DC091B}.Debug|Any CPU.ActiveCfg = Debug|Any CPU
		{FCC52357-F741-42B2-8846-0B9EC3DC091B}.Debug|Any CPU.Build.0 = Debug|Any CPU
		{FCC52357-F741-42B2-8846-0B9EC3DC091B}.Release|Any CPU.ActiveCfg = Release|Any CPU
		{FCC52357-F741-42B2-8846-0B9EC3DC091B}.Release|Any CPU.Build.0 = Release|Any CPU
	EndGlobalSection
	GlobalSection(SolutionProperties) = preSolution
		HideSolutionNode = FALSE
	EndGlobalSection
	GlobalSection(ExtensibilityGlobals) = postSolution
		SolutionGuid = {09B5B82C-4FC6-43FA-9575-2F885511AE63}
	EndGlobalSection
EndGlobal
